<Solution>
  <Configurations>
    <Platform Name="ARM64" />
    <Platform Name="x64" />
    <Platform Name="x86" />
  </Configurations>
  <Project Path="NetMaster.csproj">
    <Platform Solution="*|ARM64" Project="ARM64" />
    <Platform Solution="*|x64" Project="x64" />
    <Platform Solution="*|x86" Project="x86" />
    <Deploy />
  </Project>
  <Project Path="../NetMaster.Core/NetMaster.Core.csproj" />
  <Project Path="../NetMaster.Worker/NetMaster.Worker.csproj" />
  <Project Path="../NetMaster.Core.Tests/NetMaster.Core.Tests.csproj" />
</Solution>
